
Microsoft Visual Studio Solution File, Format Version 12.00
# Visual Studio Version 16
VisualStudioVersion = 16.0.28917.181
MinimumVisualStudioVersion = 10.0.40219.1
Project("{FAE04EC0-301F-11D3-BF4B-00C04F79EFBC}") = "FaceSkill", "FaceSkill\FaceSkill.csproj", "{E8E9F521-8805-47AB-BFB1-906B3F15ADBE}"
EndProject
Global
	GlobalSection(SolutionConfigurationPlatforms) = preSolution
		Debug|Any CPU = Debug|Any CPU
		Release|Any CPU = Release|Any CPU
	EndGlobalSection
	GlobalSection(ProjectConfigurationPlatforms) = postSolution
		{E8E9F521-8805-47AB-BFB1-906B3F15ADBE}.Debug|Any CPU.ActiveCfg = Debug|Any CPU
		{E8E9F521-8805-47AB-BFB1-906B3F15ADBE}.Debug|Any CPU.Build.0 = Debug|Any CPU
		{E8E9F521-8805-47AB-BFB1-906B3F15ADBE}.Release|Any CPU.ActiveCfg = Release|Any CPU
		{E8E9F521-8805-47AB-BFB1-906B3F15ADBE}.Release|Any CPU.Build.0 = Release|Any CPU
	EndGlobalSection
	GlobalSection(SolutionProperties) = preSolution
		HideSolutionNode = FALSE
	EndGlobalSection
	GlobalSection(ExtensibilityGlobals) = postSolution
		SolutionGuid = {00C0DD53-E9BA-4916-A914-4771D2CA1B4E}
	EndGlobalSection
EndGlobal
